# @generated - this file is auto-generated by `mise lock` https://mise.jdx.dev/dev-tools/mise-lock.html

[[tools.node]]
version = "22.22.1"
backend = "core:node"

[tools.node."platforms.linux-arm64"]
checksum = "sha256:1d1690e9aba47e887a275abc6d8f7317e571a0700deaef493f768377e99155f5"
url = "https://nodejs.org/dist/v22.22.1/node-v22.22.1-linux-arm64.tar.gz"

[tools.node."platforms.linux-arm64-musl"]
checksum = "sha256:1d1690e9aba47e887a275abc6d8f7317e571a0700deaef493f768377e99155f5"
url = "https://nodejs.org/dist/v22.22.1/node-v22.22.1-linux-arm64.tar.gz"

[tools.node."platforms.linux-x64"]
checksum = "sha256:07c8aafa60644fb81adefa1ee7da860eb1920851ffdc9a37020ab0be47fbc10e"
url = "https://nodejs.org/dist/v22.22.1/node-v22.22.1-linux-x64.tar.gz"

[tools.node."platforms.linux-x64-musl"]
checksum = "sha256:07c8aafa60644fb81adefa1ee7da860eb1920851ffdc9a37020ab0be47fbc10e"
url = "https://nodejs.org/dist/v22.22.1/node-v22.22.1-linux-x64.tar.gz"

[tools.node."platforms.macos-arm64"]
checksum = "sha256:679ad4966339e4ef4900f57996714864e4211b898825bb840c3086c419fbcef2"
url = "https://nodejs.org/dist/v22.22.1/node-v22.22.1-darwin-arm64.tar.gz"

[tools.node."platforms.macos-x64"]
checksum = "sha256:07b13722d558790fca20bb1ecf61bde24b7a4863111f7be77fc57251a407359a"
url = "https://nodejs.org/dist/v22.22.1/node-v22.22.1-darwin-x64.tar.gz"

[tools.node."platforms.windows-x64"]
checksum = "sha256:877cb93829e14fffbbc7903e7d8037336c9a79f3ea43c5d0b8c2379b79da56de"
url = "https://nodejs.org/dist/v22.22.1/node-v22.22.1-win-x64.zip"
